<?xml version="1.0" encoding="UTF-8" standalone="yes" ?>
<CodeBlocks_project_file>
	<FileVersion major="1" minor="6" />
	<Project>
		<Option title="Minesweeper" />
		<Option pch_mode="2" />
		<Option compiler="gnu_gcc_compiler_530" />
		<Build>
			<Target title="Debug">
				<Option output="bin/Debug/Minesweeper" prefix_auto="1" extension_auto="1" />
				<Option object_output="obj/Debug/" />
				<Option type="1" />
				<Option compiler="gnu_gcc_compiler_530" />
				<Compiler>
					<Add option="-g" />
				</Compiler>
				<Linker>
					<Add option="-lsfml-graphics-s-d" />
					<Add option="-lfreetype" />
					<Add option="-ljpeg" />
					<Add option="-lsfml-window-s-d" />
					<Add option="-lopengl32" />
					<Add option="-lgdi32" />
					<Add option="-lsfml-system-s-d" />
					<Add option="-lwinmm" />
				</Linker>
			</Target>
			<Target title="Release">
				<Option output="bin/Release/Minesweeper" prefix_auto="1" extension_auto="1" />
				<Option object_output="obj/Release/" />
				<Option type="0" />
				<Option compiler="gnu_gcc_compiler_530" />
				<Compiler>
					<Add option="-O3" />
				</Compiler>
				<Linker>
					<Add option="-s" />
					<Add option="-lsfml-graphics-s" />
					<Add option="-lfreetype" />
					<Add option="-ljpeg" />
					<Add option="-lsfml-window-s" />
					<Add option="-lopengl32" />
					<Add option="-lgdi32" />
					<Add option="-lsfml-system-s" />
					<Add option="-lwinmm" />
				</Linker>
			</Target>
		</Build>
		<Compiler>
			<Add option="-Wall" />
			<Add option="-Wno-switch" />
			<Add option="-DSFML_STATIC" />
			<Add directory="include" />
		</Compiler>
		<Linker>
			<Add option="-static-libgcc -static-libstdc++" />
			<Add directory="lib" />
			<Add directory="lib/SFML" />
		</Linker>
		<Unit filename="include/Background.hpp" />
		<Unit filename="include/Button.hpp" />
		<Unit filename="include/Cell.hpp" />
		<Unit filename="include/Counter.hpp" />
		<Unit filename="include/Exception.hpp">
			<Option target="&lt;{~None~}&gt;" />
		</Unit>
		<Unit filename="include/File.hpp">
			<Option target="&lt;{~None~}&gt;" />
		</Unit>
		<Unit filename="include/Game.hpp" />
		<Unit filename="include/GameMenu.hpp" />
		<Unit filename="include/Header.hpp" />
		<Unit filename="include/Level.hpp" />
		<Unit filename="include/LineShape.hpp" />
		<Unit filename="include/Matrix.hpp" />
		<Unit filename="include/MenuBar.hpp" />
		<Unit filename="include/RectangularObject.hpp">
			<Option target="&lt;{~None~}&gt;" />
		</Unit>
		<Unit filename="include/Resource.hpp">
			<Option target="&lt;{~None~}&gt;" />
		</Unit>
		<Unit filename="include/Scene.hpp" />
		<Unit filename="include/Smiley.hpp" />
		<Unit filename="include/SpriteButton.hpp" />
		<Unit filename="include/Table.hpp" />
		<Unit filename="include/TextBox.hpp" />
		<Unit filename="include/TextBoxBase.hpp">
			<Option target="&lt;{~None~}&gt;" />
		</Unit>
		<Unit filename="include/def.hpp">
			<Option target="&lt;{~None~}&gt;" />
		</Unit>
		<Unit filename="include/random.hpp">
			<Option target="&lt;{~None~}&gt;" />
		</Unit>
		<Unit filename="include/string.hpp">
			<Option target="&lt;{~None~}&gt;" />
		</Unit>
		<Unit filename="include/textures.hpp">
			<Option target="&lt;{~None~}&gt;" />
		</Unit>
		<Unit filename="src/Background.cpp" />
		<Unit filename="src/Cell.cpp" />
		<Unit filename="src/Counter.cpp" />
		<Unit filename="src/File.cpp" />
		<Unit filename="src/Game.cpp" />
		<Unit filename="src/GameMenu.cpp" />
		<Unit filename="src/Header.cpp" />
		<Unit filename="src/Level.cpp" />
		<Unit filename="src/LineShape.cpp" />
		<Unit filename="src/MenuBar.cpp" />
		<Unit filename="src/Scene.cpp" />
		<Unit filename="src/Smiley.cpp" />
		<Unit filename="src/SpriteButton.cpp" />
		<Unit filename="src/Table.cpp" />
		<Unit filename="src/main.cpp" />
		<Unit filename="src/random.cpp" />
		<Unit filename="src/textures.cpp" />
		<Extensions>
			<code_completion />
			<envvars />
			<debugger />
		</Extensions>
	</Project>
</CodeBlocks_project_file>
